// !$*UTF8*$!
{
	archiveVersion = 1;
	classes = {
	};
	objectVersion = 50;
	objects = {

/* Begin PBXBuildFile section */
		5E4E288F24FD656200EE09CA /* main.cpp in Sources */ = {isa = PBXBuildFile; fileRef = 5E4E288E24FD656200EE09CA /* main.cpp */; };
		5E4E289724FD658500EE09CA /* sum.cpp in Sources */ = {isa = PBXBuildFile; fileRef = 5E4E289524FD658500EE09CA /* sum.cpp */; };
		5E4E289A24FD8F2F00EE09CA /* stringToVec.cpp in Sources */ = {isa = PBXBuildFile; fileRef = 5E4E289824FD8F2F00EE09CA /* stringToVec.cpp */; };
		5E4E289D24FD943800EE09CA /* reverse.cpp in Sources */ = {isa = PBXBuildFile; fileRef = 5E4E289B24FD943800EE09CA /* reverse.cpp */; };
/* End PBXBuildFile section */

/* Begin PBXCopyFilesBuildPhase section */
		5E4E288924FD656200EE09CA /* CopyFiles */ = {
			isa = PBXCopyFilesBuildPhase;
			buildActionMask = 2147483647;
			dstPath = /usr/share/man/man1/;
			dstSubfolderSpec = 0;
			files = (
			);
			runOnlyForDeploymentPostprocessing = 1;
		};
/* End PBXCopyFilesBuildPhase section */

/* Begin PBXFileReference section */
		5E4E288B24FD656200EE09CA /* VectorPractice */ = {isa = PBXFileReference; explicitFileType = "compiled.mach-o.executable"; includeInIndex = 0; path = VectorPractice; sourceTree = BUILT_PRODUCTS_DIR; };
		5E4E288E24FD656200EE09CA /* main.cpp */ = {isa = PBXFileReference; lastKnownFileType = sourcecode.cpp.cpp; path = main.cpp; sourceTree = "<group>"; };
		5E4E289524FD658500EE09CA /* sum.cpp */ = {isa = PBXFileReference; lastKnownFileType = sourcecode.cpp.cpp; path = sum.cpp; sourceTree = "<group>"; };
		5E4E289624FD658500EE09CA /* sum.hpp */ = {isa = PBXFileReference; lastKnownFileType = sourcecode.cpp.h; path = sum.hpp; sourceTree = "<group>"; };
		5E4E289824FD8F2F00EE09CA /* stringToVec.cpp */ = {isa = PBXFileReference; lastKnownFileType = sourcecode.cpp.cpp; path = stringToVec.cpp; sourceTree = "<group>"; };
		5E4E289924FD8F2F00EE09CA /* stringToVec.hpp */ = {isa = PBXFileReference; lastKnownFileType = sourcecode.cpp.h; path = stringToVec.hpp; sourceTree = "<group>"; };
		5E4E289B24FD943800EE09CA /* reverse.cpp */ = {isa = PBXFileReference; lastKnownFileType = sourcecode.cpp.cpp; path = reverse.cpp; sourceTree = "<group>"; };
		5E4E289C24FD943800EE09CA /* reverse.hpp */ = {isa = PBXFileReference; lastKnownFileType = sourcecode.cpp.h; path = reverse.hpp; sourceTree = "<group>"; };
/* End PBXFileReference section */

/* Begin PBXFrameworksBuildPhase section */
		5E4E288824FD656200EE09CA /* Frameworks */ = {
			isa = PBXFrameworksBuildPhase;
			buildActionMask = 2147483647;
			files = (
			);
			runOnlyForDeploymentPostprocessing = 0;
		};
/* End PBXFrameworksBuildPhase section */

/* Begin PBXGroup section */
		5E4E288224FD656200EE09CA = {
			isa = PBXGroup;
			children = (
				5E4E288D24FD656200EE09CA /* VectorPractice */,
				5E4E288C24FD656200EE09CA /* Products */,
			);
			sourceTree = "<group>";
		};
		5E4E288C24FD656200EE09CA /* Products */ = {
			isa = PBXGroup;
			children = (
				5E4E288B24FD656200EE09CA /* VectorPractice */,
			);
			name = Products;
			sourceTree = "<group>";
		};
		5E4E288D24FD656200EE09CA /* VectorPractice */ = {
			isa = PBXGroup;
			children = (
				5E4E288E24FD656200EE09CA /* main.cpp */,
				5E4E289824FD8F2F00EE09CA /* stringToVec.cpp */,
				5E4E289B24FD943800EE09CA /* reverse.cpp */,
				5E4E289C24FD943800EE09CA /* reverse.hpp */,
				5E4E289924FD8F2F00EE09CA /* stringToVec.hpp */,
				5E4E289524FD658500EE09CA /* sum.cpp */,
				5E4E289624FD658500EE09CA /* sum.hpp */,
			);
			path = VectorPractice;
			sourceTree = "<group>";
		};
/* End PBXGroup section */

/* Begin PBXNativeTarget section */
		5E4E288A24FD656200EE09CA /* VectorPractice */ = {
			isa = PBXNativeTarget;
			buildConfigurationList = 5E4E289224FD656200EE09CA /* Build configuration list for PBXNativeTarget "VectorPractice" */;
			buildPhases = (
				5E4E288724FD656200EE09CA /* Sources */,
				5E4E288824FD656200EE09CA /* Frameworks */,
				5E4E288924FD656200EE09CA /* CopyFiles */,
			);
			buildRules = (
			);
			dependencies = (
			);
			name = VectorPractice;
			productName = VectorPractice;
			productReference = 5E4E288B24FD656200EE09CA /* VectorPractice */;
			productType = "com.apple.product-type.tool";
		};
/* End PBXNativeTarget section */

/* Begin PBXProject section */
		5E4E288324FD656200EE09CA /* Project object */ = {
			isa = PBXProject;
			attributes = {
				LastUpgradeCheck = 1160;
				ORGANIZATIONNAME = "Justin Siebenhaar";
				TargetAttributes = {
					5E4E288A24FD656200EE09CA = {
						CreatedOnToolsVersion = 11.6;
					};
				};
			};
			buildConfigurationList = 5E4E288624FD656200EE09CA /* Build configuration list for PBXProject "VectorPractice" */;
			compatibilityVersion = "Xcode 9.3";
			developmentRegion = en;
			hasScannedForEncodings = 0;
			knownRegions = (
				en,
				Base,
			);
			mainGroup = 5E4E288224FD656200EE09CA;
			productRefGroup = 5E4E288C24FD656200EE09CA /* Products */;
			projectDirPath = "";
			projectRoot = "";
			targets = (
				5E4E288A24FD656200EE09CA /* VectorPractice */,
			);
		};
/* End PBXProject section */

/* Begin PBXSourcesBuildPhase section */
		5E4E288724FD656200EE09CA /* Sources */ = {
			isa = PBXSourcesBuildPhase;
			buildActionMask = 2147483647;
			files = (
				5E4E289D24FD943800EE09CA /* reverse.cpp in Sources */,
				5E4E288F24FD656200EE09CA /* main.cpp in Sources */,
				5E4E289A24FD8F2F00EE09CA /* stringToVec.cpp in Sources */,
				5E4E289724FD658500EE09CA /* sum.cpp in Sources */,
			);
			runOnlyForDeploymentPostprocessing = 0;
		};
/* End PBXSourcesBuildPhase section */

/* Begin XCBuildConfiguration section */
		5E4E289024FD656200EE09CA /* Debug */ = {
			isa = XCBuildConfiguration;
			buildSettings = {
				ALWAYS_SEARCH_USER_PATHS = NO;
				CLANG_ANALYZER_NONNULL = YES;
				CLANG_ANALYZER_NUMBER_OBJECT_CONVERSION = YES_AGGRESSIVE;
				CLANG_CXX_LANGUAGE_STANDARD = "gnu++14";
				CLANG_CXX_LIBRARY = "libc++";
				CLANG_ENABLE_MODULES = YES;
				CLANG_ENABLE_OBJC_ARC = YES;
				CLANG_ENABLE_OBJC_WEAK = YES;
				CLANG_WARN_BLOCK_CAPTURE_AUTORELEASING = YES;
				CLANG_WARN_BOOL_CONVERSION = YES;
				CLANG_WARN_COMMA = YES;
				CLANG_WARN_CONSTANT_CONVERSION = YES;
				CLANG_WARN_DEPRECATED_OBJC_IMPLEMENTATIONS = YES;
				CLANG_WARN_DIRECT_OBJC_ISA_USAGE = YES_ERROR;
				CLANG_WARN_DOCUMENTATION_COMMENTS = YES;
				CLANG_WARN_EMPTY_BODY = YES;
				CLANG_WARN_ENUM_CONVERSION = YES;
				CLANG_WARN_INFINITE_RECURSION = YES;
				CLANG_WARN_INT_CONVERSION = YES;
				CLANG_WARN_NON_LITERAL_NULL_CONVERSION = YES;
				CLANG_WARN_OBJC_IMPLICIT_RETAIN_SELF = YES;
				CLANG_WARN_OBJC_LITERAL_CONVERSION = YES;
				CLANG_WARN_OBJC_ROOT_CLASS = YES_ERROR;
				CLANG_WARN_RANGE_LOOP_ANALYSIS = YES;
				CLANG_WARN_STRICT_PROTOTYPES = YES;
				CLANG_WARN_SUSPICIOUS_MOVE = YES;
				CLANG_WARN_UNGUARDED_AVAILABILITY = YES_AGGRESSIVE;
				CLANG_WARN_UNREACHABLE_CODE = YES;
				CLANG_WARN__DUPLICATE_METHOD_MATCH = YES;
				COPY_PHASE_STRIP = NO;
				DEBUG_INFORMATION_FORMAT = dwarf;
				ENABLE_STRICT_OBJC_MSGSEND = YES;
				ENABLE_TESTABILITY = YES;
				GCC_C_LANGUAGE_STANDARD = gnu11;
				GCC_DYNAMIC_NO_PIC = NO;
				GCC_NO_COMMON_BLOCKS = YES;
				GCC_OPTIMIZATION_LEVEL = 0;
				GCC_PREPROCESSOR_DEFINITIONS = (
					"DEBUG=1",
					"$(inherited)",
				);
				GCC_WARN_64_TO_32_BIT_CONVERSION = YES;
				GCC_WARN_ABOUT_RETURN_TYPE = YES_ERROR;
				GCC_WARN_UNDECLARED_SELECTOR = YES;
				GCC_WARN_UNINITIALIZED_AUTOS = YES_AGGRESSIVE;
				GCC_WARN_UNUSED_FUNCTION = YES;
				GCC_WARN_UNUSED_VARIABLE = YES;
				MACOSX_DEPLOYMENT_TARGET = 10.15;
				MTL_ENABLE_DEBUG_INFO = INCLUDE_SOURCE;
				MTL_FAST_MATH = YES;
				ONLY_ACTIVE_ARCH = YES;
				SDKROOT = macosx;
			};
			name = Debug;
		};
		5E4E289124FD656200EE09CA /* Release */ = {
			isa = XCBuildConfiguration;
			buildSettings = {
				ALWAYS_SEARCH_USER_PATHS = NO;
				CLANG_ANALYZER_NONNULL = YES;
				CLANG_ANALYZER_NUMBER_OBJECT_CONVERSION = YES_AGGRESSIVE;
				CLANG_CXX_LANGUAGE_STANDARD = "gnu++14";
				CLANG_CXX_LIBRARY = "libc++";
				CLANG_ENABLE_MODULES = YES;
				CLANG_ENABLE_OBJC_ARC = YES;
				CLANG_ENABLE_OBJC_WEAK = YES;
				CLANG_WARN_BLOCK_CAPTURE_AUTORELEASING = YES;
				CLANG_WARN_BOOL_CONVERSION = YES;
				CLANG_WARN_COMMA = YES;
				CLANG_WARN_CONSTANT_CONVERSION = YES;
				CLANG_WARN_DEPRECATED_OBJC_IMPLEMENTATIONS = YES;
				CLANG_WARN_DIRECT_OBJC_ISA_USAGE = YES_ERROR;
				CLANG_WARN_DOCUMENTATION_COMMENTS = YES;
				CLANG_WARN_EMPTY_BODY = YES;
				CLANG_WARN_ENUM_CONVERSION = YES;
				CLANG_WARN_INFINITE_RECURSION = YES;
				CLANG_WARN_INT_CONVERSION = YES;
				CLANG_WARN_NON_LITERAL_NULL_CONVERSION = YES;
				CLANG_WARN_OBJC_IMPLICIT_RETAIN_SELF = YES;
				CLANG_WARN_OBJC_LITERAL_CONVERSION = YES;
				CLANG_WARN_OBJC_ROOT_CLASS = YES_ERROR;
				CLANG_WARN_RANGE_LOOP_ANALYSIS = YES;
				CLANG_WARN_STRICT_PROTOTYPES = YES;
				CLANG_WARN_SUSPICIOUS_MOVE = YES;
				CLANG_WARN_UNGUARDED_AVAILABILITY = YES_AGGRESSIVE;
				CLANG_WARN_UNREACHABLE_CODE = YES;
				CLANG_WARN__DUPLICATE_METHOD_MATCH = YES;
				COPY_PHASE_STRIP = NO;
				DEBUG_INFORMATION_FORMAT = "dwarf-with-dsym";
				ENABLE_NS_ASSERTIONS = NO;
				ENABLE_STRICT_OBJC_MSGSEND = YES;
				GCC_C_LANGUAGE_STANDARD = gnu11;
				GCC_NO_COMMON_BLOCKS = YES;
				GCC_WARN_64_TO_32_BIT_CONVERSION = YES;
				GCC_WARN_ABOUT_RETURN_TYPE = YES_ERROR;
				GCC_WARN_UNDECLARED_SELECTOR = YES;
				GCC_WARN_UNINITIALIZED_AUTOS = YES_AGGRESSIVE;
				GCC_WARN_UNUSED_FUNCTION = YES;
				GCC_WARN_UNUSED_VARIABLE = YES;
				MACOSX_DEPLOYMENT_TARGET = 10.15;
				MTL_ENABLE_DEBUG_INFO = NO;
				MTL_FAST_MATH = YES;
				SDKROOT = macosx;
			};
			name = Release;
		};
		5E4E289324FD656200EE09CA /* Debug */ = {
			isa = XCBuildConfiguration;
			buildSettings = {
				CODE_SIGN_STYLE = Automatic;
				DEVELOPMENT_TEAM = DHZ58D699Q;
				ENABLE_HARDENED_RUNTIME = YES;
				PRODUCT_NAME = "$(TARGET_NAME)";
			};
			name = Debug;
		};
		5E4E289424FD656200EE09CA /* Release */ = {
			isa = XCBuildConfiguration;
			buildSettings = {
				CODE_SIGN_STYLE = Automatic;
				DEVELOPMENT_TEAM = DHZ58D699Q;
				ENABLE_HARDENED_RUNTIME = YES;
				PRODUCT_NAME = "$(TARGET_NAME)";
			};
			name = Release;
		};
/* End XCBuildConfiguration section */

/* Begin XCConfigurationList section */
		5E4E288624FD656200EE09CA /* Build configuration list for PBXProject "VectorPractice" */ = {
			isa = XCConfigurationList;
			buildConfigurations = (
				5E4E289024FD656200EE09CA /* Debug */,
				5E4E289124FD656200EE09CA /* Release */,
			);
			defaultConfigurationIsVisible = 0;
			defaultConfigurationName = Release;
		};
		5E4E289224FD656200EE09CA /* Build configuration list for PBXNativeTarget "VectorPractice" */ = {
			isa = XCConfigurationList;
			buildConfigurations = (
				5E4E289324FD656200EE09CA /* Debug */,
				5E4E289424FD656200EE09CA /* Release */,
			);
			defaultConfigurationIsVisible = 0;
			defaultConfigurationName = Release;
		};
/* End XCConfigurationList section */
	};
	rootObject = 5E4E288324FD656200EE09CA /* Project object */;
}
